<?xml version="1.0" encoding="utf-8"?>
<Project ToolsVersion="4.0" xmlns="http://schemas.microsoft.com/developer/msbuild/2003">
  <ItemGroup>
    <Filter Include="Protocol">
      <UniqueIdentifier>{eeac7bfa-3b4f-4c49-987a-ab1bfa6da602}</UniqueIdentifier>
    </Filter>
    <Filter Include="logic">
      <UniqueIdentifier>{4d3d70f9-7ac8-4945-a22b-ae0077d5a5b8}</UniqueIdentifier>
    </Filter>
    <Filter Include="logic\AI">
      <UniqueIdentifier>{00ef6a24-2e94-4b73-a672-8c29bbbf9488}</UniqueIdentifier>
    </Filter>
    <Filter Include="logic\Characters">
      <UniqueIdentifier>{77ab80e7-98eb-4377-913d-fa74845afb70}</UniqueIdentifier>
    </Filter>
    <Filter Include="logic\Maps">
      <UniqueIdentifier>{0c2b7dba-cf88-45df-aba6-566f2d3dd898}</UniqueIdentifier>
    </Filter>
    <Filter Include="Common">
      <UniqueIdentifier>{48aff62c-a0f5-4fac-9c1b-bfaf52ac6e24}</UniqueIdentifier>
    </Filter>
    <Filter Include="ExtLib">
      <UniqueIdentifier>{599dd4ae-c7be-4b08-9bc3-5adc3161d2d4}</UniqueIdentifier>
    </Filter>
    <Filter Include="ExtLib\RAF">
      <UniqueIdentifier>{0fc0e0d3-5885-4fdd-88ac-8d15e8648ccf}</UniqueIdentifier>
    </Filter>
    <Filter Include="logic\Items">
      <UniqueIdentifier>{71491149-ecb1-47f9-9803-46a5502c0a61}</UniqueIdentifier>
    </Filter>
  </ItemGroup>
  <ItemGroup>
    <ClInclude Include="..\..\gamed\include\AI\MinionAI.h">
      <Filter>logic\AI</Filter>
    </ClInclude>
    <ClInclude Include="..\..\gamed\include\AI\AI.h">
      <Filter>logic\AI</Filter>
    </ClInclude>
    <ClInclude Include="..\..\gamed\include\Champion.h">
      <Filter>logic\Characters</Filter>
    </ClInclude>
    <ClInclude Include="..\..\gamed\include\ChampionFactory.h">
      <Filter>logic\Characters</Filter>
    </ClInclude>
    <ClInclude Include="..\..\gamed\include\Minion.h">
      <Filter>logic\Characters</Filter>
    </ClInclude>
    <ClInclude Include="..\..\gamed\include\MinionStats.h">
      <Filter>logic\Characters</Filter>
    </ClInclude>
    <ClInclude Include="..\..\gamed\include\ChatBox.h">
      <Filter>logic</Filter>
    </ClInclude>
    <ClInclude Include="..\..\gamed\include\common.h">
      <Filter>logic</Filter>
    </ClInclude>
    <ClInclude Include="..\..\gamed\include\Game.h">
      <Filter>logic</Filter>
    </ClInclude>
    <ClInclude Include="..\..\gamed\include\Inventory.h">
      <Filter>logic</Filter>
    </ClInclude>
    <ClInclude Include="..\..\gamed\include\LevelProp.h">
      <Filter>logic</Filter>
    </ClInclude>
    <ClInclude Include="..\..\gamed\include\Object.h">
      <Filter>logic</Filter>
    </ClInclude>
    <ClInclude Include="..\..\gamed\include\Projectile.h">
      <Filter>logic</Filter>
    </ClInclude>
    <ClInclude Include="..\..\gamed\include\Stats.h">
      <Filter>logic</Filter>
    </ClInclude>
    <ClInclude Include="..\..\gamed\include\Target.h">
      <Filter>logic</Filter>
    </ClInclude>
    <ClInclude Include="..\..\gamed\include\Turret.h">
      <Filter>logic</Filter>
    </ClInclude>
    <ClInclude Include="..\..\gamed\include\Unit.h">
      <Filter>logic</Filter>
    </ClInclude>
    <ClInclude Include="..\..\gamed\include\Buffer.h">
      <Filter>Protocol</Filter>
    </ClInclude>
    <ClInclude Include="..\..\gamed\include\Packets.h">
      <Filter>Protocol</Filter>
    </ClInclude>
    <ClInclude Include="..\..\gamed\include\Map.h">
      <Filter>logic\Maps</Filter>
    </ClInclude>
    <ClInclude Include="..\..\gamed\include\SummonersRift.h">
      <Filter>logic\Maps</Filter>
    </ClInclude>
    <ClInclude Include="..\..\gamed\include\Client.h">
      <Filter>Protocol</Filter>
    </ClInclude>
    <ClInclude Include="..\..\gamed\include\stdafx.h" />
    <ClInclude Include="..\..\gamed\include\Log.h">
      <Filter>Common</Filter>
    </ClInclude>
    <ClInclude Include="..\..\dep\include\raf\FileReader.h">
      <Filter>ExtLib\RAF</Filter>
    </ClInclude>
    <ClInclude Include="..\..\dep\include\raf\Inibin.h">
      <Filter>ExtLib\RAF</Filter>
    </ClInclude>
    <ClInclude Include="..\..\dep\include\raf\MemoryReader.h">
      <Filter>ExtLib\RAF</Filter>
    </ClInclude>
    <ClInclude Include="..\..\dep\include\raf\miniz.h">
      <Filter>ExtLib\RAF</Filter>
    </ClInclude>
    <ClInclude Include="..\..\dep\include\raf\RAFFile.h">
      <Filter>ExtLib\RAF</Filter>
    </ClInclude>
    <ClInclude Include="..\..\dep\include\raf\RAFManager.h">
      <Filter>ExtLib\RAF</Filter>
    </ClInclude>
    <ClInclude Include="..\..\dep\include\raf\tinydir.h">
      <Filter>ExtLib\RAF</Filter>
    </ClInclude>
    <ClInclude Include="..\..\gamed\include\LuaScript.h">
      <Filter>logic</Filter>
    </ClInclude>
    <ClInclude Include="..\..\gamed\include\Spell.h">
      <Filter>logic\Characters</Filter>
    </ClInclude>
    <ClInclude Include="..\..\gamed\include\Item.h">
      <Filter>logic\Items</Filter>
    </ClInclude>
    <ClInclude Include="..\..\gamed\include\ItemManager.h">
      <Filter>logic\Items</Filter>
    </ClInclude>
  </ItemGroup>
  <ItemGroup>
    <ClCompile Include="..\..\gamed\src\main.cpp" />
    <ClCompile Include="..\..\gamed\src\Log.cpp">
      <Filter>Common</Filter>
    </ClCompile>
    <ClCompile Include="..\..\gamed\src\Game.cpp">
      <Filter>logic</Filter>
    </ClCompile>
    <ClCompile Include="..\..\gamed\src\Object.cpp">
      <Filter>logic</Filter>
    </ClCompile>
    <ClCompile Include="..\..\gamed\src\Unit.cpp">
      <Filter>logic</Filter>
    </ClCompile>
    <ClCompile Include="..\..\gamed\src\Champion.cpp">
      <Filter>logic\Characters</Filter>
    </ClCompile>
    <ClCompile Include="..\..\gamed\src\Map.cpp">
      <Filter>logic\Maps</Filter>
    </ClCompile>
    <ClCompile Include="..\..\gamed\src\Inventory.cpp">
      <Filter>logic</Filter>
    </ClCompile>
    <ClCompile Include="..\..\gamed\src\Stats.cpp">
      <Filter>logic</Filter>
    </ClCompile>
    <ClCompile Include="..\..\gamed\src\PacketHandler.cpp">
      <Filter>Protocol</Filter>
    </ClCompile>
    <ClCompile Include="..\..\gamed\src\Handlers.cpp">
      <Filter>Protocol</Filter>
    </ClCompile>
    <ClCompile Include="..\..\gamed\src\SummonersRift.cpp">
      <Filter>logic\Maps</Filter>
    </ClCompile>
    <ClCompile Include="..\..\gamed\src\Minion.cpp">
      <Filter>logic\Characters</Filter>
    </ClCompile>
    <ClCompile Include="..\..\gamed\src\Notifiers.cpp">
      <Filter>Protocol</Filter>
    </ClCompile>
    <ClCompile Include="..\..\gamed\src\Projectile.cpp">
      <Filter>logic</Filter>
    </ClCompile>
    <ClCompile Include="..\..\dep\src\raf\RAFFile.cpp">
      <Filter>ExtLib\RAF</Filter>
    </ClCompile>
    <ClCompile Include="..\..\dep\src\raf\FileReader.cpp">
      <Filter>ExtLib\RAF</Filter>
    </ClCompile>
    <ClCompile Include="..\..\dep\src\raf\RAFManager.cpp">
      <Filter>ExtLib\RAF</Filter>
    </ClCompile>
    <ClCompile Include="..\..\gamed\src\Turret.cpp">
      <Filter>logic</Filter>
    </ClCompile>
    <ClCompile Include="..\..\gamed\src\LuaScript.cpp">
      <Filter>logic</Filter>
    </ClCompile>
    <ClCompile Include="..\..\gamed\src\Spell.cpp">
      <Filter>logic\Characters</Filter>
    </ClCompile>
    <ClCompile Include="..\..\gamed\src\Item.cpp">
      <Filter>logic\Items</Filter>
    </ClCompile>
    <ClCompile Include="..\..\gamed\src\ItemManager.cpp">
      <Filter>logic\Items</Filter>
    </ClCompile>
  </ItemGroup>
</Project>